
Microsoft Visual Studio Solution File, Format Version 12.00
# Visual Studio Version 17
VisualStudioVersion = 17.2.32516.85
MinimumVisualStudioVersion = 10.0.40219.1
Project("{FAE04EC0-301F-11D3-BF4B-00C04F79EFBC}") = "AssimpNet.iOS", "AssimpNet.iOS\AssimpNet.iOS.csproj", "{841F2A08-D210-4655-B132-A1F3B85B5E96}"
EndProject
Project("{FAE04EC0-301F-11D3-BF4B-00C04F79EFBC}") = "AssimpNet.Android", "AssimpNet.Android\AssimpNet.Android.csproj", "{594256EC-4797-4E6D-A8FF-CADA5A47157C}"
EndProject
Global
	GlobalSection(SolutionConfigurationPlatforms) = preSolution
		Debug|Any CPU = Debug|Any CPU
		Release|Any CPU = Release|Any CPU
	EndGlobalSection
	GlobalSection(ProjectConfigurationPlatforms) = postSolution
		{841F2A08-D210-4655-B132-A1F3B85B5E96}.Debug|Any CPU.ActiveCfg = Debug|Any CPU
		{841F2A08-D210-4655-B132-A1F3B85B5E96}.Debug|Any CPU.Build.0 = Debug|Any CPU
		{841F2A08-D210-4655-B132-A1F3B85B5E96}.Release|Any CPU.ActiveCfg = Release|Any CPU
		{841F2A08-D210-4655-B132-A1F3B85B5E96}.Release|Any CPU.Build.0 = Release|Any CPU
		{594256EC-4797-4E6D-A8FF-CADA5A47157C}.Debug|Any CPU.ActiveCfg = Debug|Any CPU
		{594256EC-4797-4E6D-A8FF-CADA5A47157C}.Debug|Any CPU.Build.0 = Debug|Any CPU
		{594256EC-4797-4E6D-A8FF-CADA5A47157C}.Release|Any CPU.ActiveCfg = Release|Any CPU
		{594256EC-4797-4E6D-A8FF-CADA5A47157C}.Release|Any CPU.Build.0 = Release|Any CPU
	EndGlobalSection
	GlobalSection(SolutionProperties) = preSolution
		HideSolutionNode = FALSE
	EndGlobalSection
	GlobalSection(ExtensibilityGlobals) = postSolution
		SolutionGuid = {6EA37287-132C-40AE-B8FB-C6F8CC9780EA}
	EndGlobalSection
	GlobalSection(SubversionScc) = preSolution
		Svn-Managed = True
		Manager = AnkhSVN - Subversion Support for Visual Studio
	EndGlobalSection
EndGlobal
